
Microsoft Visual Studio Solution File, Format Version 12.00
# Visual Studio 15
VisualStudioVersion = 15.0.26430.12
MinimumVisualStudioVersion = 10.0.40219.1
Project("{FAE04EC0-301F-11D3-BF4B-00C04F79EFBC}") = "Nancy.LeakyBucket", "Nancy.LeakyBucket\Nancy.LeakyBucket.csproj", "{5A27AD54-6467-45C8-8515-86C0AB3BE713}"
EndProject
Project("{FAE04EC0-301F-11D3-BF4B-00C04F79EFBC}") = "Nancy.LeakyBucket.Tests", "Nancy.LeakyBucket.Tests\Nancy.LeakyBucket.Tests.csproj", "{F83BED56-D980-43C3-8FFD-6A2FE3580A7A}"
EndProject
Global
	GlobalSection(SolutionConfigurationPlatforms) = preSolution
		Debug|Any CPU = Debug|Any CPU
		Release|Any CPU = Release|Any CPU
	EndGlobalSection
	GlobalSection(ProjectConfigurationPlatforms) = postSolution
		{5A27AD54-6467-45C8-8515-86C0AB3BE713}.Debug|Any CPU.ActiveCfg = Debug|Any CPU
		{5A27AD54-6467-45C8-8515-86C0AB3BE713}.Debug|Any CPU.Build.0 = Debug|Any CPU
		{5A27AD54-6467-45C8-8515-86C0AB3BE713}.Release|Any CPU.ActiveCfg = Release|Any CPU
		{5A27AD54-6467-45C8-8515-86C0AB3BE713}.Release|Any CPU.Build.0 = Release|Any CPU
		{F83BED56-D980-43C3-8FFD-6A2FE3580A7A}.Debug|Any CPU.ActiveCfg = Debug|Any CPU
		{F83BED56-D980-43C3-8FFD-6A2FE3580A7A}.Debug|Any CPU.Build.0 = Debug|Any CPU
		{F83BED56-D980-43C3-8FFD-6A2FE3580A7A}.Release|Any CPU.ActiveCfg = Release|Any CPU
		{F83BED56-D980-43C3-8FFD-6A2FE3580A7A}.Release|Any CPU.Build.0 = Release|Any CPU
	EndGlobalSection
	GlobalSection(SolutionProperties) = preSolution
		HideSolutionNode = FALSE
	EndGlobalSection
EndGlobal
